
Microsoft Visual Studio Solution File, Format Version 12.00
# Visual Studio Version 17
VisualStudioVersion = 17.2.32616.157
MinimumVisualStudioVersion = 10.0.40219.1
Project("{9A19103F-16F7-4668-BE54-9A1E7A4F7556}") = "Faker.Core", "Faker.Core\Faker.Core.csproj", "{D34E2F55-8722-463C-8937-7500A473EEB8}"
EndProject
Project("{FAE04EC0-301F-11D3-BF4B-00C04F79EFBC}") = "ListGenerator", "ListGenerator\ListGenerator.csproj", "{7A406914-5EA8-4CEE-AA55-E92276A80C08}"
EndProject
Project("{FAE04EC0-301F-11D3-BF4B-00C04F79EFBC}") = "DateTimeGenerator", "DateTimeGenerator\DateTimeGenerator.csproj", "{731DD486-6F18-4680-ABCD-B9405A7D9867}"
EndProject
Project("{FAE04EC0-301F-11D3-BF4B-00C04F79EFBC}") = "Faker.Example", "Faker.Example\Faker.Example.csproj", "{45AEDED5-2F28-4527-AC56-FBFD6AB7DBAA}"
EndProject
Global
	GlobalSection(SolutionConfigurationPlatforms) = preSolution
		Debug|Any CPU = Debug|Any CPU
		Release|Any CPU = Release|Any CPU
	EndGlobalSection
	GlobalSection(ProjectConfigurationPlatforms) = postSolution
		{D34E2F55-8722-463C-8937-7500A473EEB8}.Debug|Any CPU.ActiveCfg = Debug|Any CPU
		{D34E2F55-8722-463C-8937-7500A473EEB8}.Debug|Any CPU.Build.0 = Debug|Any CPU
		{D34E2F55-8722-463C-8937-7500A473EEB8}.Release|Any CPU.ActiveCfg = Release|Any CPU
		{D34E2F55-8722-463C-8937-7500A473EEB8}.Release|Any CPU.Build.0 = Release|Any CPU
		{7A406914-5EA8-4CEE-AA55-E92276A80C08}.Debug|Any CPU.ActiveCfg = Debug|Any CPU
		{7A406914-5EA8-4CEE-AA55-E92276A80C08}.Debug|Any CPU.Build.0 = Debug|Any CPU
		{7A406914-5EA8-4CEE-AA55-E92276A80C08}.Release|Any CPU.ActiveCfg = Release|Any CPU
		{7A406914-5EA8-4CEE-AA55-E92276A80C08}.Release|Any CPU.Build.0 = Release|Any CPU
		{731DD486-6F18-4680-ABCD-B9405A7D9867}.Debug|Any CPU.ActiveCfg = Debug|Any CPU
		{731DD486-6F18-4680-ABCD-B9405A7D9867}.Debug|Any CPU.Build.0 = Debug|Any CPU
		{731DD486-6F18-4680-ABCD-B9405A7D9867}.Release|Any CPU.ActiveCfg = Release|Any CPU
		{731DD486-6F18-4680-ABCD-B9405A7D9867}.Release|Any CPU.Build.0 = Release|Any CPU
		{45AEDED5-2F28-4527-AC56-FBFD6AB7DBAA}.Debug|Any CPU.ActiveCfg = Debug|Any CPU
		{45AEDED5-2F28-4527-AC56-FBFD6AB7DBAA}.Debug|Any CPU.Build.0 = Debug|Any CPU
		{45AEDED5-2F28-4527-AC56-FBFD6AB7DBAA}.Release|Any CPU.ActiveCfg = Release|Any CPU
		{45AEDED5-2F28-4527-AC56-FBFD6AB7DBAA}.Release|Any CPU.Build.0 = Release|Any CPU
	EndGlobalSection
	GlobalSection(SolutionProperties) = preSolution
		HideSolutionNode = FALSE
	EndGlobalSection
	GlobalSection(ExtensibilityGlobals) = postSolution
		SolutionGuid = {15E3D66B-CB7E-4846-8CFA-6D21BEB5E43D}
	EndGlobalSection
EndGlobal
